
Microsoft Visual Studio Solution File, Format Version 12.00
# Visual Studio Version 17
VisualStudioVersion = 17.14.36109.1 d17.14
MinimumVisualStudioVersion = 10.0.40219.1
Project("{FAE04EC0-301F-11D3-BF4B-00C04F79EFBC}") = "autokmozgasa_250523", "autokmozgasa_250523.csproj", "{7AFEF89E-B798-4D08-8563-360B2F05FE6B}"
EndProject
Global
	GlobalSection(SolutionConfigurationPlatforms) = preSolution
		Debug|Any CPU = Debug|Any CPU
		Release|Any CPU = Release|Any CPU
	EndGlobalSection
	GlobalSection(ProjectConfigurationPlatforms) = postSolution
		{7AFEF89E-B798-4D08-8563-360B2F05FE6B}.Debug|Any CPU.ActiveCfg = Debug|Any CPU
		{7AFEF89E-B798-4D08-8563-360B2F05FE6B}.Debug|Any CPU.Build.0 = Debug|Any CPU
		{7AFEF89E-B798-4D08-8563-360B2F05FE6B}.Release|Any CPU.ActiveCfg = Release|Any CPU
		{7AFEF89E-B798-4D08-8563-360B2F05FE6B}.Release|Any CPU.Build.0 = Release|Any CPU
	EndGlobalSection
	GlobalSection(SolutionProperties) = preSolution
		HideSolutionNode = FALSE
	EndGlobalSection
	GlobalSection(ExtensibilityGlobals) = postSolution
		SolutionGuid = {EE49BC2D-E9AB-4924-A4A7-5FD0B3021222}
	EndGlobalSection
EndGlobal
